
Microsoft Visual Studio Solution File, Format Version 12.00
# Visual Studio Version 17
VisualStudioVersion = 17.7.34009.444
MinimumVisualStudioVersion = 10.0.40219.1
Project("{FAE04EC0-301F-11D3-BF4B-00C04F79EFBC}") = "GUI", "GUI\GUI.csproj", "{B657F436-4EBE-440C-9842-86A2B548E5A5}"
EndProject
Project("{FAE04EC0-301F-11D3-BF4B-00C04F79EFBC}") = "BUS", "BUS\BUS.csproj", "{57795A91-C2B0-46E9-964A-164870DEACC0}"
EndProject
Project("{FAE04EC0-301F-11D3-BF4B-00C04F79EFBC}") = "DAL", "DAL\DAL.csproj", "{D25C6DD4-28F7-49E8-BF26-4C4094F8AA69}"
EndProject
Global
	GlobalSection(SolutionConfigurationPlatforms) = preSolution
		Debug|Any CPU = Debug|Any CPU
		Release|Any CPU = Release|Any CPU
	EndGlobalSection
	GlobalSection(ProjectConfigurationPlatforms) = postSolution
		{B657F436-4EBE-440C-9842-86A2B548E5A5}.Debug|Any CPU.ActiveCfg = Debug|Any CPU
		{B657F436-4EBE-440C-9842-86A2B548E5A5}.Debug|Any CPU.Build.0 = Debug|Any CPU
		{B657F436-4EBE-440C-9842-86A2B548E5A5}.Release|Any CPU.ActiveCfg = Release|Any CPU
		{B657F436-4EBE-440C-9842-86A2B548E5A5}.Release|Any CPU.Build.0 = Release|Any CPU
		{57795A91-C2B0-46E9-964A-164870DEACC0}.Debug|Any CPU.ActiveCfg = Debug|Any CPU
		{57795A91-C2B0-46E9-964A-164870DEACC0}.Debug|Any CPU.Build.0 = Debug|Any CPU
		{57795A91-C2B0-46E9-964A-164870DEACC0}.Release|Any CPU.ActiveCfg = Release|Any CPU
		{57795A91-C2B0-46E9-964A-164870DEACC0}.Release|Any CPU.Build.0 = Release|Any CPU
		{D25C6DD4-28F7-49E8-BF26-4C4094F8AA69}.Debug|Any CPU.ActiveCfg = Debug|Any CPU
		{D25C6DD4-28F7-49E8-BF26-4C4094F8AA69}.Debug|Any CPU.Build.0 = Debug|Any CPU
		{D25C6DD4-28F7-49E8-BF26-4C4094F8AA69}.Release|Any CPU.ActiveCfg = Release|Any CPU
		{D25C6DD4-28F7-49E8-BF26-4C4094F8AA69}.Release|Any CPU.Build.0 = Release|Any CPU
	EndGlobalSection
	GlobalSection(SolutionProperties) = preSolution
		HideSolutionNode = FALSE
	EndGlobalSection
	GlobalSection(ExtensibilityGlobals) = postSolution
		SolutionGuid = {8A3EF7EF-24BC-4461-B4E3-4C7BDD609E13}
	EndGlobalSection
EndGlobal
